{
  "version": 4,
  "terraform_version": "1.13.0",
  "serial": 3,
  "lineage": "885d51da-868e-9ae9-4f24-914b9be91ee0",
  "outputs": {},
  "resources": [
    {
      "mode": "managed",
      "type": "esxi_guest",
      "name": "client_2_win",
      "provider": "provider[\"registry.terraform.io/josenk/esxi\"]",
      "instances": [
        {
          "status": "tainted",
          "schema_version": 0,
          "attributes": {
            "boot_disk_size": null,
            "boot_disk_type": "thin",
            "boot_firmware": "bios",
            "clone_from_vm": null,
            "disk_store": "ESX-DSS-GESTION-local-storage2",
            "guest_name": "client_2_win",
            "guest_shutdown_timeout": 20,
            "guest_startup_timeout": 120,
            "guestinfo": null,
            "guestos": "windows9-64",
            "host_ovf": null,
            "id": "190",
            "ip_address": "10.0.0.154",
            "memsize": "4096",
            "network_interfaces": [
              {
                "mac_address": "",
                "nic_type": "e1000",
                "virtual_network": "GRP-RTR-FW"
              }
            ],
            "notes": "",
            "numvcpus": "2",
            "ovf_properties": [],
            "ovf_properties_timer": 90,
            "ovf_source": "/OVA/Client_Win.ova",
            "power": "on",
            "resource_pool_name": "/",
            "virthwver": "19",
            "virtual_disks": []
          },
          "sensitive_attributes": [],
          "identity_schema_version": 0,
          "private": "bnVsbA=="
        }
      ]
    }
  ],
  "check_results": null
}
